
Microsoft Visual Studio Solution File, Format Version 12.00
# Visual Studio Version 16
VisualStudioVersion = 16.0.30907.101
MinimumVisualStudioVersion = 10.0.40219.1
Project("{FAE04EC0-301F-11D3-BF4B-00C04F79EFBC}") = "WordToPdfConverter", "WordToPdfConverter\WordToPdfConverter.csproj", "{BCB322FF-E4E7-4EE2-97C0-A578E7A628FF}"
EndProject
Global
	GlobalSection(SolutionConfigurationPlatforms) = preSolution
		Debug|Any CPU = Debug|Any CPU
		Release|Any CPU = Release|Any CPU
	EndGlobalSection
	GlobalSection(ProjectConfigurationPlatforms) = postSolution
		{BCB322FF-E4E7-4EE2-97C0-A578E7A628FF}.Debug|Any CPU.ActiveCfg = Debug|Any CPU
		{BCB322FF-E4E7-4EE2-97C0-A578E7A628FF}.Debug|Any CPU.Build.0 = Debug|Any CPU
		{BCB322FF-E4E7-4EE2-97C0-A578E7A628FF}.Release|Any CPU.ActiveCfg = Release|Any CPU
		{BCB322FF-E4E7-4EE2-97C0-A578E7A628FF}.Release|Any CPU.Build.0 = Release|Any CPU
	EndGlobalSection
	GlobalSection(SolutionProperties) = preSolution
		HideSolutionNode = FALSE
	EndGlobalSection
	GlobalSection(ExtensibilityGlobals) = postSolution
		SolutionGuid = {2F9F0D96-110F-4B77-B861-77A93421B731}
	EndGlobalSection
EndGlobal
